{
    "_readme": [
        "This file locks the dependencies of your project to a known state",
        "Read more about it at https://getcomposer.org/doc/01-basic-usage.md#installing-dependencies",
        "This file is @generated automatically"
    ],
    "content-hash": "2994cdab2734113579e9807c726b9fc6",
    "packages": [
        {
            "name": "cebe/markdown",
            "version": "dev-master",
            "source": {
                "type": "git",
                "url": "https://github.com/cebe/markdown.git",
                "reference": "2b2461bed9e15305486319ee552bafca75d1cdaa"
            },
            "dist": {
                "type": "zip",
                "url": "https://api.github.com/repos/cebe/markdown/zipball/2b2461bed9e15305486319ee552bafca75d1cdaa",
                "reference": "2b2461bed9e15305486319ee552bafca75d1cdaa",
                "shasum": ""
            },
            "require": {
                "lib-pcre": "*",
                "php": ">=5.4.0"
            },
            "require-dev": {
                "cebe/indent": "*",
                "facebook/xhprof": "*@dev",
                "phpunit/phpunit": "4.1.*"
            },
            "default-branch": true,
            "bin": [
                "bin/markdown"
            ],
            "type": "library",
            "extra": {
                "branch-alias": {
                    "dev-master": "1.2.x-dev"
                }
            },
            "autoload": {
                "psr-4": {
                    "cebe\\markdown\\": ""
                }
            },
            "notification-url": "https://packagist.org/downloads/",
            "license": [
                "MIT"
            ],
            "authors": [
                {
                    "name": "Carsten Brandt",
                    "email": "mail@cebe.cc",
                    "homepage": "http://cebe.cc/",
                    "role": "Creator"
                }
            ],
            "description": "A super fast, highly extensible markdown parser for PHP",
            "homepage": "https://github.com/cebe/markdown#readme",
            "keywords": [
                "extensible",
                "fast",
                "gfm",
                "markdown",
                "markdown-extra"
            ],
            "support": {
                "issues": "https://github.com/cebe/markdown/issues",
                "source": "https://github.com/cebe/markdown"
            },
            "time": "2020-02-26T01:55:18+00:00"
        },
        {
            "name": "ezyang/htmlpurifier",
            "version": "v4.17.0",
            "source": {
                "type": "git",
                "url": "https://github.com/ezyang/htmlpurifier.git",
                "reference": "bbc513d79acf6691fa9cf10f192c90dd2957f18c"
            },
            "dist": {
                "type": "zip",
                "url": "https://api.github.com/repos/ezyang/htmlpurifier/zipball/bbc513d79acf6691fa9cf10f192c90dd2957f18c",
                "reference": "bbc513d79acf6691fa9cf10f192c90dd2957f18c",
                "shasum": ""
            },
            "require": {
                "php": "~5.6.0 || ~7.0.0 || ~7.1.0 || ~7.2.0 || ~7.3.0 || ~7.4.0 || ~8.0.0 || ~8.1.0 || ~8.2.0 || ~8.3.0"
            },
            "require-dev": {
                "cerdic/css-tidy": "^1.7 || ^2.0",
                "simpletest/simpletest": "dev-master"
            },
            "suggest": {
                "cerdic/css-tidy": "If you want to use the filter 'Filter.ExtractStyleBlocks'.",
                "ext-bcmath": "Used for unit conversion and imagecrash protection",
                "ext-iconv": "Converts text to and from non-UTF-8 encodings",
                "ext-tidy": "Used for pretty-printing HTML"
            },
            "type": "library",
            "autoload": {
                "files": [
                    "library/HTMLPurifier.composer.php"
                ],
                "psr-0": {
                    "HTMLPurifier": "library/"
                },
                "exclude-from-classmap": [
                    "/library/HTMLPurifier/Language/"
                ]
            },
            "notification-url": "https://packagist.org/downloads/",
            "license": [
                "LGPL-2.1-or-later"
            ],
            "authors": [
                {
                    "name": "Edward Z. Yang",
                    "email": "admin@htmlpurifier.org",
                    "homepage": "http://ezyang.com"
                }
            ],
            "description": "Standards compliant HTML filter written in PHP",
            "homepage": "http://htmlpurifier.org/",
            "keywords": [
                "html"
            ],
            "support": {
                "issues": "https://github.com/ezyang/htmlpurifier/issues",
                "source": "https://github.com/ezyang/htmlpurifier/tree/v4.17.0"
            },
            "time": "2023-11-17T15:01:25+00:00"
        },
        {
            "name": "irrevion/science",
            "version": "dev-main",
            "source": {
                "type": "git",
                "url": "https://github.com/irrevion/science.git",
                "reference": "e12d495adbb569a32dfea1185e0b0dc1ada62171"
            },
            "dist": {
                "type": "zip",
                "url": "https://api.github.com/repos/irrevion/science/zipball/e12d495adbb569a32dfea1185e0b0dc1ada62171",
                "reference": "e12d495adbb569a32dfea1185e0b0dc1ada62171",
                "shasum": ""
            },
            "require": {
                "php": ">=8.1"
            },
            "default-branch": true,
            "type": "library",
            "autoload": {
                "psr-4": {
                    "irrevion\\science\\": "src/"
                }
            },
            "notification-url": "https://packagist.org/downloads/",
            "license": [
                "MIT"
            ],
            "authors": [
                {
                    "name": "Valentin Belousov",
                    "email": "irrevion@gmail.com"
                }
            ],
            "description": "PHP library for extended mathematical operations",
            "homepage": "https://github.com/irrevion/science/",
            "keywords": [
                "compex-numbers",
                "linear-algebra",
                "math",
                "matrix",
                "physics",
                "quaternion",
                "science",
                "units-converter",
                "vector"
            ],
            "support": {
                "issues": "https://github.com/irrevion/science/issues",
                "source": "https://github.com/irrevion/science/tree/main"
            },
            "time": "2024-12-31T22:46:28+00:00"
        },
        {
            "name": "yidas/yii2-composer-bower-skip",
            "version": "dev-master",
            "source": {
                "type": "git",
                "url": "https://github.com/yidas/yii2-composer-bower-skip.git",
                "reference": "8b50e799053a59d4a4899f90c4ebaa46d6bef900"
            },
            "dist": {
                "type": "zip",
                "url": "https://api.github.com/repos/yidas/yii2-composer-bower-skip/zipball/8b50e799053a59d4a4899f90c4ebaa46d6bef900",
                "reference": "8b50e799053a59d4a4899f90c4ebaa46d6bef900",
                "shasum": ""
            },
            "provide": {
                "bower-asset/bootstrap": "*",
                "bower-asset/inputmask": "*",
                "bower-asset/jquery": "*",
                "bower-asset/punycode": "*",
                "bower-asset/typeahead.js": "*",
                "bower-asset/yii2-pjax": "*"
            },
            "default-branch": true,
            "type": "yii2-extension",
            "notification-url": "https://packagist.org/downloads/",
            "license": [
                "MIT"
            ],
            "description": "A Composer package that allows you to install or update Yii2 without Bower-Asset",
            "keywords": [
                "bower",
                "bower asset",
                "framework",
                "yii2"
            ],
            "support": {
                "issues": "https://github.com/yidas/yii2-composer-bower-skip/issues?state=open",
                "source": "https://github.com/yidas/yii2-composer-bower-skip"
            },
            "time": "2018-12-21T05:25:13+00:00"
        },
        {
            "name": "yiisoft/yii2",
            "version": "2.2.x-dev",
            "source": {
                "type": "git",
                "url": "https://github.com/yiisoft/yii2-framework.git",
                "reference": "2be8715ef1d876e2d5828e02fae0ed22d86d0ee3"
            },
            "dist": {
                "type": "zip",
                "url": "https://api.github.com/repos/yiisoft/yii2-framework/zipball/2be8715ef1d876e2d5828e02fae0ed22d86d0ee3",
                "reference": "2be8715ef1d876e2d5828e02fae0ed22d86d0ee3",
                "shasum": ""
            },
            "require": {
                "bower-asset/inputmask": "^5.0.8 ",
                "bower-asset/jquery": "3.7.*@stable | 3.6.*@stable | 3.5.*@stable | 3.4.*@stable | 3.3.*@stable | 3.2.*@stable | 3.1.*@stable | 2.2.*@stable | 2.1.*@stable | 1.11.*@stable | 1.12.*@stable",
                "bower-asset/punycode": "^2.2",
                "bower-asset/yii2-pjax": "~2.0.1",
                "cebe/markdown": "~1.0.0 | ~1.1.0 | ~1.2.0",
                "ext-ctype": "*",
                "ext-mbstring": "*",
                "ezyang/htmlpurifier": "^4.6",
                "lib-pcre": "*",
                "php": ">=8.1",
                "yiisoft/yii2-composer": "~2.0.4"
            },
            "bin": [
                "yii"
            ],
            "type": "library",
            "extra": {
                "branch-alias": {
                    "dev-master": "2.0.x-dev"
                }
            },
            "autoload": {
                "psr-4": {
                    "yii\\": ""
                }
            },
            "notification-url": "https://packagist.org/downloads/",
            "license": [
                "BSD-3-Clause"
            ],
            "authors": [
                {
                    "name": "Qiang Xue",
                    "email": "qiang.xue@gmail.com",
                    "homepage": "https://www.yiiframework.com/",
                    "role": "Founder and project lead"
                },
                {
                    "name": "Alexander Makarov",
                    "email": "sam@rmcreative.ru",
                    "homepage": "https://rmcreative.ru/",
                    "role": "Core framework development"
                },
                {
                    "name": "Maurizio Domba",
                    "homepage": "http://mdomba.info/",
                    "role": "Core framework development"
                },
                {
                    "name": "Carsten Brandt",
                    "email": "mail@cebe.cc",
                    "homepage": "https://www.cebe.cc/",
                    "role": "Core framework development"
                },
                {
                    "name": "Timur Ruziev",
                    "email": "resurtm@gmail.com",
                    "homepage": "http://resurtm.com/",
                    "role": "Core framework development"
                },
                {
                    "name": "Paul Klimov",
                    "email": "klimov.paul@gmail.com",
                    "role": "Core framework development"
                },
                {
                    "name": "Dmitry Naumenko",
                    "email": "d.naumenko.a@gmail.com",
                    "role": "Core framework development"
                },
                {
                    "name": "Boudewijn Vahrmeijer",
                    "email": "info@dynasource.eu",
                    "homepage": "http://dynasource.eu",
                    "role": "Core framework development"
                }
            ],
            "description": "Yii PHP Framework Version 2",
            "homepage": "https://www.yiiframework.com/",
            "keywords": [
                "framework",
                "yii2"
            ],
            "support": {
                "forum": "https://forum.yiiframework.com/",
                "irc": "ircs://irc.libera.chat:6697/yii",
                "issues": "https://github.com/yiisoft/yii2/issues?state=open",
                "source": "https://github.com/yiisoft/yii2",
                "wiki": "https://www.yiiframework.com/wiki"
            },
            "funding": [
                {
                    "url": "https://github.com/yiisoft",
                    "type": "github"
                },
                {
                    "url": "https://opencollective.com/yiisoft",
                    "type": "open_collective"
                },
                {
                    "url": "https://tidelift.com/funding/github/packagist/yiisoft/yii2",
                    "type": "tidelift"
                }
            ],
            "time": "2023-10-31T17:41:22+00:00"
        },
        {
            "name": "yiisoft/yii2-bootstrap5",
            "version": "dev-master",
            "source": {
                "type": "git",
                "url": "https://github.com/yiisoft/yii2-bootstrap5.git",
                "reference": "1a4f4d66c9ef3a076dc327999f8dc8b52caa5ac0"
            },
            "dist": {
                "type": "zip",
                "url": "https://api.github.com/repos/yiisoft/yii2-bootstrap5/zipball/1a4f4d66c9ef3a076dc327999f8dc8b52caa5ac0",
                "reference": "1a4f4d66c9ef3a076dc327999f8dc8b52caa5ac0",
                "shasum": ""
            },
            "require": {
                "bower-asset/bootstrap": "^5.1.0",
                "ext-json": "*",
                "php": ">=7.0",
                "yiisoft/yii2": "^2.0.42"
            },
            "require-dev": {
                "phpunit/phpunit": "^6.5.14",
                "twbs/bootstrap-icons": "^1.7.2",
                "yiisoft/yii2-coding-standards": "~2.0"
            },
            "suggest": {
                "twbs/bootstrap-icons": "Add this package to the `require` section of your `composer.json` if you'd like to use the bootstrap icon asset."
            },
            "default-branch": true,
            "type": "yii2-extension",
            "extra": {
                "branch-alias": {
                    "dev-master": "2.0.x-dev"
                },
                "bootstrap": "yii\\bootstrap5\\i18n\\TranslationBootstrap"
            },
            "autoload": {
                "psr-4": {
                    "yii\\bootstrap5\\": "src"
                }
            },
            "notification-url": "https://packagist.org/downloads/",
            "license": [
                "BSD-3-Clause"
            ],
            "authors": [
                {
                    "name": "Sergey Zhukovskiy",
                    "email": "mylistryx@gmail.com",
                    "homepage": "https://net23.ru/"
                },
                {
                    "name": "Simon Karlen",
                    "email": "simi.albi@outlook.com"
                }
            ],
            "description": "The Twitter Bootstrap v5 extension for the Yii framework",
            "keywords": [
                "bootstrap",
                "bootstrap5",
                "yii2"
            ],
            "support": {
                "issues": "https://github.com/yiisoft/yii2-bootstrap5/issues",
                "source": "https://github.com/yiisoft/yii2-bootstrap5"
            },
            "funding": [
                {
                    "url": "https://github.com/yiisoft",
                    "type": "github"
                },
                {
                    "url": "https://opencollective.com/yiisoft",
                    "type": "open_collective"
                },
                {
                    "url": "https://tidelift.com/funding/github/packagist/yiisoft/yii2-bootstrap5",
                    "type": "tidelift"
                }
            ],
            "time": "2023-10-20T14:56:35+00:00"
        },
        {
            "name": "yiisoft/yii2-composer",
            "version": "dev-master",
            "source": {
                "type": "git",
                "url": "https://github.com/yiisoft/yii2-composer.git",
                "reference": "2cd6eee19e94b9e98f3516340138041683350fcf"
            },
            "dist": {
                "type": "zip",
                "url": "https://api.github.com/repos/yiisoft/yii2-composer/zipball/2cd6eee19e94b9e98f3516340138041683350fcf",
                "reference": "2cd6eee19e94b9e98f3516340138041683350fcf",
                "shasum": ""
            },
            "require": {
                "composer-plugin-api": "^1.0 | ^2.0"
            },
            "require-dev": {
                "composer/composer": "^1.0 | ^2.0@dev",
                "phpunit/phpunit": "<7"
            },
            "default-branch": true,
            "type": "composer-plugin",
            "extra": {
                "class": "yii\\composer\\Plugin",
                "branch-alias": {
                    "dev-master": "2.0.x-dev"
                }
            },
            "autoload": {
                "psr-4": {
                    "yii\\composer\\": ""
                }
            },
            "notification-url": "https://packagist.org/downloads/",
            "license": [
                "BSD-3-Clause"
            ],
            "authors": [
                {
                    "name": "Qiang Xue",
                    "email": "qiang.xue@gmail.com"
                },
                {
                    "name": "Carsten Brandt",
                    "email": "mail@cebe.cc"
                }
            ],
            "description": "The composer plugin for Yii extension installer",
            "keywords": [
                "composer",
                "extension installer",
                "yii2"
            ],
            "support": {
                "forum": "https://www.yiiframework.com/forum/",
                "irc": "ircs://irc.libera.chat:6697/yii",
                "issues": "https://github.com/yiisoft/yii2-composer/issues",
                "source": "https://github.com/yiisoft/yii2-composer",
                "wiki": "https://www.yiiframework.com/wiki/"
            },
            "funding": [
                {
                    "url": "https://github.com/yiisoft",
                    "type": "github"
                },
                {
                    "url": "https://opencollective.com/yiisoft",
                    "type": "open_collective"
                },
                {
                    "url": "https://tidelift.com/funding/github/packagist/yiisoft/yii2-composer",
                    "type": "tidelift"
                }
            ],
            "time": "2023-09-17T09:06:53+00:00"
        }
    ],
    "packages-dev": [],
    "aliases": [],
    "minimum-stability": "dev",
    "stability-flags": {
        "irrevion/science": 20,
        "yidas/yii2-composer-bower-skip": 20
    },
    "prefer-stable": false,
    "prefer-lowest": false,
    "platform": {},
    "platform-dev": {},
    "plugin-api-version": "2.6.0"
}
